// !$*UTF8*$!
{
	archiveVersion = 1;
	classes = {
	};
	objectVersion = 50;
	objects = {

/* Begin PBXBuildFile section */
		161E5C2F2345877000BB6DCE /* MypageViewController.swift in Sources */ = {isa = PBXBuildFile; fileRef = 161E5C2E2345877000BB6DCE /* MypageViewController.swift */; };
		162C5F6C2344D5A600397D89 /* SignUpViewController.swift in Sources */ = {isa = PBXBuildFile; fileRef = 162C5F6B2344D5A600397D89 /* SignUpViewController.swift */; };
		167174A02346CEA400C3FA93 /* NewPostViewController.swift in Sources */ = {isa = PBXBuildFile; fileRef = 1671749F2346CEA400C3FA93 /* NewPostViewController.swift */; };
		16ABF90C22FE6F090036F215 /* AppDelegate.swift in Sources */ = {isa = PBXBuildFile; fileRef = 16ABF90B22FE6F090036F215 /* AppDelegate.swift */; };
		16ABF90E22FE6F090036F215 /* ViewController.swift in Sources */ = {isa = PBXBuildFile; fileRef = 16ABF90D22FE6F090036F215 /* ViewController.swift */; };
		16ABF91122FE6F090036F215 /* Main.storyboard in Resources */ = {isa = PBXBuildFile; fileRef = 16ABF90F22FE6F090036F215 /* Main.storyboard */; };
		16ABF91322FE6F0B0036F215 /* Assets.xcassets in Resources */ = {isa = PBXBuildFile; fileRef = 16ABF91222FE6F0B0036F215 /* Assets.xcassets */; };
		16ABF91622FE6F0B0036F215 /* LaunchScreen.storyboard in Resources */ = {isa = PBXBuildFile; fileRef = 16ABF91422FE6F0B0036F215 /* LaunchScreen.storyboard */; };
		16ABF92122FE6F0B0036F215 /* cheer_iosTests.swift in Sources */ = {isa = PBXBuildFile; fileRef = 16ABF92022FE6F0B0036F215 /* cheer_iosTests.swift */; };
		16ABF92C22FE6F0B0036F215 /* cheer_iosUITests.swift in Sources */ = {isa = PBXBuildFile; fileRef = 16ABF92B22FE6F0B0036F215 /* cheer_iosUITests.swift */; };
		16B81E062339B2C00022861F /* LoginViewController.swift in Sources */ = {isa = PBXBuildFile; fileRef = 16B81E052339B2C00022861F /* LoginViewController.swift */; };
		16D0ED18234AD516003D3FE4 /* EditPostViewController.swift in Sources */ = {isa = PBXBuildFile; fileRef = 16D0ED17234AD516003D3FE4 /* EditPostViewController.swift */; };
		16DE87A4232DCF6C0057B995 /* PostDetailViewController.swift in Sources */ = {isa = PBXBuildFile; fileRef = 16DE87A3232DCF6C0057B995 /* PostDetailViewController.swift */; };
		2202EE7B22E8C2017B3ECE9B /* Pods_cheer_iosUITests.framework in Frameworks */ = {isa = PBXBuildFile; fileRef = 23A027A31E8C51E1906FE5DE /* Pods_cheer_iosUITests.framework */; };
		745D0F66E3D075C9EB1A5942 /* Pods_cheer_ios.framework in Frameworks */ = {isa = PBXBuildFile; fileRef = 305CBC31A962071924C1A37B /* Pods_cheer_ios.framework */; };
		A2D6B815AD3A8DBEADB2B765 /* Pods_cheer_iosTests.framework in Frameworks */ = {isa = PBXBuildFile; fileRef = 274F1B6C098909C5A96C1DEB /* Pods_cheer_iosTests.framework */; };
/* End PBXBuildFile section */

/* Begin PBXContainerItemProxy section */
		16ABF91D22FE6F0B0036F215 /* PBXContainerItemProxy */ = {
			isa = PBXContainerItemProxy;
			containerPortal = 16ABF90022FE6F090036F215 /* Project object */;
			proxyType = 1;
			remoteGlobalIDString = 16ABF90722FE6F090036F215;
			remoteInfo = cheer_ios;
		};
		16ABF92822FE6F0B0036F215 /* PBXContainerItemProxy */ = {
			isa = PBXContainerItemProxy;
			containerPortal = 16ABF90022FE6F090036F215 /* Project object */;
			proxyType = 1;
			remoteGlobalIDString = 16ABF90722FE6F090036F215;
			remoteInfo = cheer_ios;
		};
/* End PBXContainerItemProxy section */

/* Begin PBXFileReference section */
		161E5C2E2345877000BB6DCE /* MypageViewController.swift */ = {isa = PBXFileReference; lastKnownFileType = sourcecode.swift; path = MypageViewController.swift; sourceTree = "<group>"; };
		162C5F6B2344D5A600397D89 /* SignUpViewController.swift */ = {isa = PBXFileReference; lastKnownFileType = sourcecode.swift; path = SignUpViewController.swift; sourceTree = "<group>"; };
		1671749F2346CEA400C3FA93 /* NewPostViewController.swift */ = {isa = PBXFileReference; lastKnownFileType = sourcecode.swift; path = NewPostViewController.swift; sourceTree = "<group>"; };
		16ABF90822FE6F090036F215 /* cheer_ios.app */ = {isa = PBXFileReference; explicitFileType = wrapper.application; includeInIndex = 0; path = cheer_ios.app; sourceTree = BUILT_PRODUCTS_DIR; };
		16ABF90B22FE6F090036F215 /* AppDelegate.swift */ = {isa = PBXFileReference; lastKnownFileType = sourcecode.swift; path = AppDelegate.swift; sourceTree = "<group>"; };
		16ABF90D22FE6F090036F215 /* ViewController.swift */ = {isa = PBXFileReference; lastKnownFileType = sourcecode.swift; path = ViewController.swift; sourceTree = "<group>"; };
		16ABF91022FE6F090036F215 /* Base */ = {isa = PBXFileReference; lastKnownFileType = file.storyboard; name = Base; path = Base.lproj/Main.storyboard; sourceTree = "<group>"; };
		16ABF91222FE6F0B0036F215 /* Assets.xcassets */ = {isa = PBXFileReference; lastKnownFileType = folder.assetcatalog; path = Assets.xcassets; sourceTree = "<group>"; };
		16ABF91522FE6F0B0036F215 /* Base */ = {isa = PBXFileReference; lastKnownFileType = file.storyboard; name = Base; path = Base.lproj/LaunchScreen.storyboard; sourceTree = "<group>"; };
		16ABF91722FE6F0B0036F215 /* Info.plist */ = {isa = PBXFileReference; lastKnownFileType = text.plist.xml; path = Info.plist; sourceTree = "<group>"; };
		16ABF91C22FE6F0B0036F215 /* cheer_iosTests.xctest */ = {isa = PBXFileReference; explicitFileType = wrapper.cfbundle; includeInIndex = 0; path = cheer_iosTests.xctest; sourceTree = BUILT_PRODUCTS_DIR; };
		16ABF92022FE6F0B0036F215 /* cheer_iosTests.swift */ = {isa = PBXFileReference; lastKnownFileType = sourcecode.swift; path = cheer_iosTests.swift; sourceTree = "<group>"; };
		16ABF92222FE6F0B0036F215 /* Info.plist */ = {isa = PBXFileReference; lastKnownFileType = text.plist.xml; path = Info.plist; sourceTree = "<group>"; };
		16ABF92722FE6F0B0036F215 /* cheer_iosUITests.xctest */ = {isa = PBXFileReference; explicitFileType = wrapper.cfbundle; includeInIndex = 0; path = cheer_iosUITests.xctest; sourceTree = BUILT_PRODUCTS_DIR; };
		16ABF92B22FE6F0B0036F215 /* cheer_iosUITests.swift */ = {isa = PBXFileReference; lastKnownFileType = sourcecode.swift; path = cheer_iosUITests.swift; sourceTree = "<group>"; };
		16ABF92D22FE6F0B0036F215 /* Info.plist */ = {isa = PBXFileReference; lastKnownFileType = text.plist.xml; path = Info.plist; sourceTree = "<group>"; };
		16B81E052339B2C00022861F /* LoginViewController.swift */ = {isa = PBXFileReference; lastKnownFileType = sourcecode.swift; path = LoginViewController.swift; sourceTree = "<group>"; };
		16D0ED17234AD516003D3FE4 /* EditPostViewController.swift */ = {isa = PBXFileReference; lastKnownFileType = sourcecode.swift; path = EditPostViewController.swift; sourceTree = "<group>"; };
		16DE87A3232DCF6C0057B995 /* PostDetailViewController.swift */ = {isa = PBXFileReference; lastKnownFileType = sourcecode.swift; path = PostDetailViewController.swift; sourceTree = "<group>"; };
		23A027A31E8C51E1906FE5DE /* Pods_cheer_iosUITests.framework */ = {isa = PBXFileReference; explicitFileType = wrapper.framework; includeInIndex = 0; path = Pods_cheer_iosUITests.framework; sourceTree = BUILT_PRODUCTS_DIR; };
		274F1B6C098909C5A96C1DEB /* Pods_cheer_iosTests.framework */ = {isa = PBXFileReference; explicitFileType = wrapper.framework; includeInIndex = 0; path = Pods_cheer_iosTests.framework; sourceTree = BUILT_PRODUCTS_DIR; };
		2B37DF93731B56F05E50C407 /* Pods-cheer_iosUITests.debug.xcconfig */ = {isa = PBXFileReference; includeInIndex = 1; lastKnownFileType = text.xcconfig; name = "Pods-cheer_iosUITests.debug.xcconfig"; path = "Pods/Target Support Files/Pods-cheer_iosUITests/Pods-cheer_iosUITests.debug.xcconfig"; sourceTree = "<group>"; };
		305CBC31A962071924C1A37B /* Pods_cheer_ios.framework */ = {isa = PBXFileReference; explicitFileType = wrapper.framework; includeInIndex = 0; path = Pods_cheer_ios.framework; sourceTree = BUILT_PRODUCTS_DIR; };
		4FC789B048C6A352764D17D2 /* Pods-cheer_iosTests.release.xcconfig */ = {isa = PBXFileReference; includeInIndex = 1; lastKnownFileType = text.xcconfig; name = "Pods-cheer_iosTests.release.xcconfig"; path = "Pods/Target Support Files/Pods-cheer_iosTests/Pods-cheer_iosTests.release.xcconfig"; sourceTree = "<group>"; };
		808DA4EDE7D3F32EFB301D97 /* Pods-cheer_iosUITests.release.xcconfig */ = {isa = PBXFileReference; includeInIndex = 1; lastKnownFileType = text.xcconfig; name = "Pods-cheer_iosUITests.release.xcconfig"; path = "Pods/Target Support Files/Pods-cheer_iosUITests/Pods-cheer_iosUITests.release.xcconfig"; sourceTree = "<group>"; };
		BF3974DB623B8DD7BC9E8176 /* Pods-cheer_ios.debug.xcconfig */ = {isa = PBXFileReference; includeInIndex = 1; lastKnownFileType = text.xcconfig; name = "Pods-cheer_ios.debug.xcconfig"; path = "Pods/Target Support Files/Pods-cheer_ios/Pods-cheer_ios.debug.xcconfig"; sourceTree = "<group>"; };
		C1FD545A61168B79D95D2E28 /* Pods-cheer_ios.release.xcconfig */ = {isa = PBXFileReference; includeInIndex = 1; lastKnownFileType = text.xcconfig; name = "Pods-cheer_ios.release.xcconfig"; path = "Pods/Target Support Files/Pods-cheer_ios/Pods-cheer_ios.release.xcconfig"; sourceTree = "<group>"; };
		CA03747586C93195A807C30F /* Pods-cheer_iosTests.debug.xcconfig */ = {isa = PBXFileReference; includeInIndex = 1; lastKnownFileType = text.xcconfig; name = "Pods-cheer_iosTests.debug.xcconfig"; path = "Pods/Target Support Files/Pods-cheer_iosTests/Pods-cheer_iosTests.debug.xcconfig"; sourceTree = "<group>"; };
/* End PBXFileReference section */

/* Begin PBXFrameworksBuildPhase section */
		16ABF90522FE6F090036F215 /* Frameworks */ = {
			isa = PBXFrameworksBuildPhase;
			buildActionMask = 2147483647;
			files = (
				745D0F66E3D075C9EB1A5942 /* Pods_cheer_ios.framework in Frameworks */,
			);
			runOnlyForDeploymentPostprocessing = 0;
		};
		16ABF91922FE6F0B0036F215 /* Frameworks */ = {
			isa = PBXFrameworksBuildPhase;
			buildActionMask = 2147483647;
			files = (
				A2D6B815AD3A8DBEADB2B765 /* Pods_cheer_iosTests.framework in Frameworks */,
			);
			runOnlyForDeploymentPostprocessing = 0;
		};
		16ABF92422FE6F0B0036F215 /* Frameworks */ = {
			isa = PBXFrameworksBuildPhase;
			buildActionMask = 2147483647;
			files = (
				2202EE7B22E8C2017B3ECE9B /* Pods_cheer_iosUITests.framework in Frameworks */,
			);
			runOnlyForDeploymentPostprocessing = 0;
		};
/* End PBXFrameworksBuildPhase section */

/* Begin PBXGroup section */
		16ABF8FF22FE6F090036F215 = {
			isa = PBXGroup;
			children = (
				16ABF90A22FE6F090036F215 /* cheer_ios */,
				16ABF91F22FE6F0B0036F215 /* cheer_iosTests */,
				16ABF92A22FE6F0B0036F215 /* cheer_iosUITests */,
				16ABF90922FE6F090036F215 /* Products */,
				E7907E43BF8731C9C6DD078B /* Pods */,
				D644D4FF1FC79B5B9B0D3161 /* Frameworks */,
			);
			sourceTree = "<group>";
		};
		16ABF90922FE6F090036F215 /* Products */ = {
			isa = PBXGroup;
			children = (
				16ABF90822FE6F090036F215 /* cheer_ios.app */,
				16ABF91C22FE6F0B0036F215 /* cheer_iosTests.xctest */,
				16ABF92722FE6F0B0036F215 /* cheer_iosUITests.xctest */,
			);
			name = Products;
			sourceTree = "<group>";
		};
		16ABF90A22FE6F090036F215 /* cheer_ios */ = {
			isa = PBXGroup;
			children = (
				16ABF90B22FE6F090036F215 /* AppDelegate.swift */,
				16ABF90D22FE6F090036F215 /* ViewController.swift */,
				16DE87A3232DCF6C0057B995 /* PostDetailViewController.swift */,
				16B81E052339B2C00022861F /* LoginViewController.swift */,
				162C5F6B2344D5A600397D89 /* SignUpViewController.swift */,
				161E5C2E2345877000BB6DCE /* MypageViewController.swift */,
				1671749F2346CEA400C3FA93 /* NewPostViewController.swift */,
				16D0ED17234AD516003D3FE4 /* EditPostViewController.swift */,
				16ABF90F22FE6F090036F215 /* Main.storyboard */,
				16ABF91222FE6F0B0036F215 /* Assets.xcassets */,
				16ABF91422FE6F0B0036F215 /* LaunchScreen.storyboard */,
				16ABF91722FE6F0B0036F215 /* Info.plist */,
			);
			path = cheer_ios;
			sourceTree = "<group>";
		};
		16ABF91F22FE6F0B0036F215 /* cheer_iosTests */ = {
			isa = PBXGroup;
			children = (
				16ABF92022FE6F0B0036F215 /* cheer_iosTests.swift */,
				16ABF92222FE6F0B0036F215 /* Info.plist */,
			);
			path = cheer_iosTests;
			sourceTree = "<group>";
		};
		16ABF92A22FE6F0B0036F215 /* cheer_iosUITests */ = {
			isa = PBXGroup;
			children = (
				16ABF92B22FE6F0B0036F215 /* cheer_iosUITests.swift */,
				16ABF92D22FE6F0B0036F215 /* Info.plist */,
			);
			path = cheer_iosUITests;
			sourceTree = "<group>";
		};
		D644D4FF1FC79B5B9B0D3161 /* Frameworks */ = {
			isa = PBXGroup;
			children = (
				305CBC31A962071924C1A37B /* Pods_cheer_ios.framework */,
				274F1B6C098909C5A96C1DEB /* Pods_cheer_iosTests.framework */,
				23A027A31E8C51E1906FE5DE /* Pods_cheer_iosUITests.framework */,
			);
			name = Frameworks;
			sourceTree = "<group>";
		};
		E7907E43BF8731C9C6DD078B /* Pods */ = {
			isa = PBXGroup;
			children = (
				BF3974DB623B8DD7BC9E8176 /* Pods-cheer_ios.debug.xcconfig */,
				C1FD545A61168B79D95D2E28 /* Pods-cheer_ios.release.xcconfig */,
				CA03747586C93195A807C30F /* Pods-cheer_iosTests.debug.xcconfig */,
				4FC789B048C6A352764D17D2 /* Pods-cheer_iosTests.release.xcconfig */,
				2B37DF93731B56F05E50C407 /* Pods-cheer_iosUITests.debug.xcconfig */,
				808DA4EDE7D3F32EFB301D97 /* Pods-cheer_iosUITests.release.xcconfig */,
			);
			name = Pods;
			sourceTree = "<group>";
		};
/* End PBXGroup section */

/* Begin PBXNativeTarget section */
		16ABF90722FE6F090036F215 /* cheer_ios */ = {
			isa = PBXNativeTarget;
			buildConfigurationList = 16ABF93022FE6F0B0036F215 /* Build configuration list for PBXNativeTarget "cheer_ios" */;
			buildPhases = (
				DF7FC57AF15F6585AF9B86B3 /* [CP] Check Pods Manifest.lock */,
				16ABF90422FE6F090036F215 /* Sources */,
				16ABF90522FE6F090036F215 /* Frameworks */,
				16ABF90622FE6F090036F215 /* Resources */,
				615F244807C2D752B4E490C3 /* [CP] Embed Pods Frameworks */,
			);
			buildRules = (
			);
			dependencies = (
			);
			name = cheer_ios;
			productName = cheer_ios;
			productReference = 16ABF90822FE6F090036F215 /* cheer_ios.app */;
			productType = "com.apple.product-type.application";
		};
		16ABF91B22FE6F0B0036F215 /* cheer_iosTests */ = {
			isa = PBXNativeTarget;
			buildConfigurationList = 16ABF93322FE6F0B0036F215 /* Build configuration list for PBXNativeTarget "cheer_iosTests" */;
			buildPhases = (
				C887079B66BE1F41D171DB8F /* [CP] Check Pods Manifest.lock */,
				16ABF91822FE6F0B0036F215 /* Sources */,
				16ABF91922FE6F0B0036F215 /* Frameworks */,
				16ABF91A22FE6F0B0036F215 /* Resources */,
			);
			buildRules = (
			);
			dependencies = (
				16ABF91E22FE6F0B0036F215 /* PBXTargetDependency */,
			);
			name = cheer_iosTests;
			productName = cheer_iosTests;
			productReference = 16ABF91C22FE6F0B0036F215 /* cheer_iosTests.xctest */;
			productType = "com.apple.product-type.bundle.unit-test";
		};
		16ABF92622FE6F0B0036F215 /* cheer_iosUITests */ = {
			isa = PBXNativeTarget;
			buildConfigurationList = 16ABF93622FE6F0B0036F215 /* Build configuration list for PBXNativeTarget "cheer_iosUITests" */;
			buildPhases = (
				689A400CD1E4B5D041FBBF3A /* [CP] Check Pods Manifest.lock */,
				16ABF92322FE6F0B0036F215 /* Sources */,
				16ABF92422FE6F0B0036F215 /* Frameworks */,
				16ABF92522FE6F0B0036F215 /* Resources */,
			);
			buildRules = (
			);
			dependencies = (
				16ABF92922FE6F0B0036F215 /* PBXTargetDependency */,
			);
			name = cheer_iosUITests;
			productName = cheer_iosUITests;
			productReference = 16ABF92722FE6F0B0036F215 /* cheer_iosUITests.xctest */;
			productType = "com.apple.product-type.bundle.ui-testing";
		};
/* End PBXNativeTarget section */

/* Begin PBXProject section */
		16ABF90022FE6F090036F215 /* Project object */ = {
			isa = PBXProject;
			attributes = {
				LastSwiftUpdateCheck = 1010;
				LastUpgradeCheck = 1010;
				ORGANIZATIONNAME = "梶原大進";
				TargetAttributes = {
					16ABF90722FE6F090036F215 = {
						CreatedOnToolsVersion = 10.1;
					};
					16ABF91B22FE6F0B0036F215 = {
						CreatedOnToolsVersion = 10.1;
						TestTargetID = 16ABF90722FE6F090036F215;
					};
					16ABF92622FE6F0B0036F215 = {
						CreatedOnToolsVersion = 10.1;
						TestTargetID = 16ABF90722FE6F090036F215;
					};
				};
			};
			buildConfigurationList = 16ABF90322FE6F090036F215 /* Build configuration list for PBXProject "cheer_ios" */;
			compatibilityVersion = "Xcode 9.3";
			developmentRegion = en;
			hasScannedForEncodings = 0;
			knownRegions = (
				en,
				Base,
			);
			mainGroup = 16ABF8FF22FE6F090036F215;
			productRefGroup = 16ABF90922FE6F090036F215 /* Products */;
			projectDirPath = "";
			projectRoot = "";
			targets = (
				16ABF90722FE6F090036F215 /* cheer_ios */,
				16ABF91B22FE6F0B0036F215 /* cheer_iosTests */,
				16ABF92622FE6F0B0036F215 /* cheer_iosUITests */,
			);
		};
/* End PBXProject section */

/* Begin PBXResourcesBuildPhase section */
		16ABF90622FE6F090036F215 /* Resources */ = {
			isa = PBXResourcesBuildPhase;
			buildActionMask = 2147483647;
			files = (
				16ABF91622FE6F0B0036F215 /* LaunchScreen.storyboard in Resources */,
				16ABF91322FE6F0B0036F215 /* Assets.xcassets in Resources */,
				16ABF91122FE6F090036F215 /* Main.storyboard in Resources */,
			);
			runOnlyForDeploymentPostprocessing = 0;
		};
		16ABF91A22FE6F0B0036F215 /* Resources */ = {
			isa = PBXResourcesBuildPhase;
			buildActionMask = 2147483647;
			files = (
			);
			runOnlyForDeploymentPostprocessing = 0;
		};
		16ABF92522FE6F0B0036F215 /* Resources */ = {
			isa = PBXResourcesBuildPhase;
			buildActionMask = 2147483647;
			files = (
			);
			runOnlyForDeploymentPostprocessing = 0;
		};
/* End PBXResourcesBuildPhase section */

/* Begin PBXShellScriptBuildPhase section */
		615F244807C2D752B4E490C3 /* [CP] Embed Pods Frameworks */ = {
			isa = PBXShellScriptBuildPhase;
			buildActionMask = 2147483647;
			files = (
			);
			inputFileListPaths = (
			);
			inputPaths = (
				"${SRCROOT}/Pods/Target Support Files/Pods-cheer_ios/Pods-cheer_ios-frameworks.sh",
				"${BUILT_PRODUCTS_DIR}/Alamofire/Alamofire.framework",
				"${BUILT_PRODUCTS_DIR}/SwiftyJSON/SwiftyJSON.framework",
			);
			name = "[CP] Embed Pods Frameworks";
			outputFileListPaths = (
			);
			outputPaths = (
				"${TARGET_BUILD_DIR}/${FRAMEWORKS_FOLDER_PATH}/Alamofire.framework",
				"${TARGET_BUILD_DIR}/${FRAMEWORKS_FOLDER_PATH}/SwiftyJSON.framework",
			);
			runOnlyForDeploymentPostprocessing = 0;
			shellPath = /bin/sh;
			shellScript = "\"${SRCROOT}/Pods/Target Support Files/Pods-cheer_ios/Pods-cheer_ios-frameworks.sh\"\n";
			showEnvVarsInLog = 0;
		};
		689A400CD1E4B5D041FBBF3A /* [CP] Check Pods Manifest.lock */ = {
			isa = PBXShellScriptBuildPhase;
			buildActionMask = 2147483647;
			files = (
			);
			inputFileListPaths = (
			);
			inputPaths = (
				"${PODS_PODFILE_DIR_PATH}/Podfile.lock",
				"${PODS_ROOT}/Manifest.lock",
			);
			name = "[CP] Check Pods Manifest.lock";
			outputFileListPaths = (
			);
			outputPaths = (
				"$(DERIVED_FILE_DIR)/Pods-cheer_iosUITests-checkManifestLockResult.txt",
			);
			runOnlyForDeploymentPostprocessing = 0;
			shellPath = /bin/sh;
			shellScript = "diff \"${PODS_PODFILE_DIR_PATH}/Podfile.lock\" \"${PODS_ROOT}/Manifest.lock\" > /dev/null\nif [ $? != 0 ] ; then\n    # print error to STDERR\n    echo \"error: The sandbox is not in sync with the Podfile.lock. Run 'pod install' or update your CocoaPods installation.\" >&2\n    exit 1\nfi\n# This output is used by Xcode 'outputs' to avoid re-running this script phase.\necho \"SUCCESS\" > \"${SCRIPT_OUTPUT_FILE_0}\"\n";
			showEnvVarsInLog = 0;
		};
		C887079B66BE1F41D171DB8F /* [CP] Check Pods Manifest.lock */ = {
			isa = PBXShellScriptBuildPhase;
			buildActionMask = 2147483647;
			files = (
			);
			inputFileListPaths = (
			);
			inputPaths = (
				"${PODS_PODFILE_DIR_PATH}/Podfile.lock",
				"${PODS_ROOT}/Manifest.lock",
			);
			name = "[CP] Check Pods Manifest.lock";
			outputFileListPaths = (
			);
			outputPaths = (
				"$(DERIVED_FILE_DIR)/Pods-cheer_iosTests-checkManifestLockResult.txt",
			);
			runOnlyForDeploymentPostprocessing = 0;
			shellPath = /bin/sh;
			shellScript = "diff \"${PODS_PODFILE_DIR_PATH}/Podfile.lock\" \"${PODS_ROOT}/Manifest.lock\" > /dev/null\nif [ $? != 0 ] ; then\n    # print error to STDERR\n    echo \"error: The sandbox is not in sync with the Podfile.lock. Run 'pod install' or update your CocoaPods installation.\" >&2\n    exit 1\nfi\n# This output is used by Xcode 'outputs' to avoid re-running this script phase.\necho \"SUCCESS\" > \"${SCRIPT_OUTPUT_FILE_0}\"\n";
			showEnvVarsInLog = 0;
		};
		DF7FC57AF15F6585AF9B86B3 /* [CP] Check Pods Manifest.lock */ = {
			isa = PBXShellScriptBuildPhase;
			buildActionMask = 2147483647;
			files = (
			);
			inputFileListPaths = (
			);
			inputPaths = (
				"${PODS_PODFILE_DIR_PATH}/Podfile.lock",
				"${PODS_ROOT}/Manifest.lock",
			);
			name = "[CP] Check Pods Manifest.lock";
			outputFileListPaths = (
			);
			outputPaths = (
				"$(DERIVED_FILE_DIR)/Pods-cheer_ios-checkManifestLockResult.txt",
			);
			runOnlyForDeploymentPostprocessing = 0;
			shellPath = /bin/sh;
			shellScript = "diff \"${PODS_PODFILE_DIR_PATH}/Podfile.lock\" \"${PODS_ROOT}/Manifest.lock\" > /dev/null\nif [ $? != 0 ] ; then\n    # print error to STDERR\n    echo \"error: The sandbox is not in sync with the Podfile.lock. Run 'pod install' or update your CocoaPods installation.\" >&2\n    exit 1\nfi\n# This output is used by Xcode 'outputs' to avoid re-running this script phase.\necho \"SUCCESS\" > \"${SCRIPT_OUTPUT_FILE_0}\"\n";
			showEnvVarsInLog = 0;
		};
/* End PBXShellScriptBuildPhase section */

/* Begin PBXSourcesBuildPhase section */
		16ABF90422FE6F090036F215 /* Sources */ = {
			isa = PBXSourcesBuildPhase;
			buildActionMask = 2147483647;
			files = (
				16B81E062339B2C00022861F /* LoginViewController.swift in Sources */,
				16ABF90E22FE6F090036F215 /* ViewController.swift in Sources */,
				16D0ED18234AD516003D3FE4 /* EditPostViewController.swift in Sources */,
				16DE87A4232DCF6C0057B995 /* PostDetailViewController.swift in Sources */,
				167174A02346CEA400C3FA93 /* NewPostViewController.swift in Sources */,
				161E5C2F2345877000BB6DCE /* MypageViewController.swift in Sources */,
				16ABF90C22FE6F090036F215 /* AppDelegate.swift in Sources */,
				162C5F6C2344D5A600397D89 /* SignUpViewController.swift in Sources */,
			);
			runOnlyForDeploymentPostprocessing = 0;
		};
		16ABF91822FE6F0B0036F215 /* Sources */ = {
			isa = PBXSourcesBuildPhase;
			buildActionMask = 2147483647;
			files = (
				16ABF92122FE6F0B0036F215 /* cheer_iosTests.swift in Sources */,
			);
			runOnlyForDeploymentPostprocessing = 0;
		};
		16ABF92322FE6F0B0036F215 /* Sources */ = {
			isa = PBXSourcesBuildPhase;
			buildActionMask = 2147483647;
			files = (
				16ABF92C22FE6F0B0036F215 /* cheer_iosUITests.swift in Sources */,
			);
			runOnlyForDeploymentPostprocessing = 0;
		};
/* End PBXSourcesBuildPhase section */

/* Begin PBXTargetDependency section */
		16ABF91E22FE6F0B0036F215 /* PBXTargetDependency */ = {
			isa = PBXTargetDependency;
			target = 16ABF90722FE6F090036F215 /* cheer_ios */;
			targetProxy = 16ABF91D22FE6F0B0036F215 /* PBXContainerItemProxy */;
		};
		16ABF92922FE6F0B0036F215 /* PBXTargetDependency */ = {
			isa = PBXTargetDependency;
			target = 16ABF90722FE6F090036F215 /* cheer_ios */;
			targetProxy = 16ABF92822FE6F0B0036F215 /* PBXContainerItemProxy */;
		};
/* End PBXTargetDependency section */

/* Begin PBXVariantGroup section */
		16ABF90F22FE6F090036F215 /* Main.storyboard */ = {
			isa = PBXVariantGroup;
			children = (
				16ABF91022FE6F090036F215 /* Base */,
			);
			name = Main.storyboard;
			sourceTree = "<group>";
		};
		16ABF91422FE6F0B0036F215 /* LaunchScreen.storyboard */ = {
			isa = PBXVariantGroup;
			children = (
				16ABF91522FE6F0B0036F215 /* Base */,
			);
			name = LaunchScreen.storyboard;
			sourceTree = "<group>";
		};
/* End PBXVariantGroup section */

/* Begin XCBuildConfiguration section */
		16ABF92E22FE6F0B0036F215 /* Debug */ = {
			isa = XCBuildConfiguration;
			buildSettings = {
				ALWAYS_SEARCH_USER_PATHS = NO;
				CLANG_ANALYZER_NONNULL = YES;
				CLANG_ANALYZER_NUMBER_OBJECT_CONVERSION = YES_AGGRESSIVE;
				CLANG_CXX_LANGUAGE_STANDARD = "gnu++14";
				CLANG_CXX_LIBRARY = "libc++";
				CLANG_ENABLE_MODULES = YES;
				CLANG_ENABLE_OBJC_ARC = YES;
				CLANG_ENABLE_OBJC_WEAK = YES;
				CLANG_WARN_BLOCK_CAPTURE_AUTORELEASING = YES;
				CLANG_WARN_BOOL_CONVERSION = YES;
				CLANG_WARN_COMMA = YES;
				CLANG_WARN_CONSTANT_CONVERSION = YES;
				CLANG_WARN_DEPRECATED_OBJC_IMPLEMENTATIONS = YES;
				CLANG_WARN_DIRECT_OBJC_ISA_USAGE = YES_ERROR;
				CLANG_WARN_DOCUMENTATION_COMMENTS = YES;
				CLANG_WARN_EMPTY_BODY = YES;
				CLANG_WARN_ENUM_CONVERSION = YES;
				CLANG_WARN_INFINITE_RECURSION = YES;
				CLANG_WARN_INT_CONVERSION = YES;
				CLANG_WARN_NON_LITERAL_NULL_CONVERSION = YES;
				CLANG_WARN_OBJC_IMPLICIT_RETAIN_SELF = YES;
				CLANG_WARN_OBJC_LITERAL_CONVERSION = YES;
				CLANG_WARN_OBJC_ROOT_CLASS = YES_ERROR;
				CLANG_WARN_RANGE_LOOP_ANALYSIS = YES;
				CLANG_WARN_STRICT_PROTOTYPES = YES;
				CLANG_WARN_SUSPICIOUS_MOVE = YES;
				CLANG_WARN_UNGUARDED_AVAILABILITY = YES_AGGRESSIVE;
				CLANG_WARN_UNREACHABLE_CODE = YES;
				CLANG_WARN__DUPLICATE_METHOD_MATCH = YES;
				CODE_SIGN_IDENTITY = "iPhone Developer";
				COPY_PHASE_STRIP = NO;
				DEBUG_INFORMATION_FORMAT = dwarf;
				ENABLE_STRICT_OBJC_MSGSEND = YES;
				ENABLE_TESTABILITY = YES;
				GCC_C_LANGUAGE_STANDARD = gnu11;
				GCC_DYNAMIC_NO_PIC = NO;
				GCC_NO_COMMON_BLOCKS = YES;
				GCC_OPTIMIZATION_LEVEL = 0;
				GCC_PREPROCESSOR_DEFINITIONS = (
					"DEBUG=1",
					"$(inherited)",
				);
				GCC_WARN_64_TO_32_BIT_CONVERSION = YES;
				GCC_WARN_ABOUT_RETURN_TYPE = YES_ERROR;
				GCC_WARN_UNDECLARED_SELECTOR = YES;
				GCC_WARN_UNINITIALIZED_AUTOS = YES_AGGRESSIVE;
				GCC_WARN_UNUSED_FUNCTION = YES;
				GCC_WARN_UNUSED_VARIABLE = YES;
				IPHONEOS_DEPLOYMENT_TARGET = 12.1;
				MTL_ENABLE_DEBUG_INFO = INCLUDE_SOURCE;
				MTL_FAST_MATH = YES;
				ONLY_ACTIVE_ARCH = YES;
				SDKROOT = iphoneos;
				SWIFT_ACTIVE_COMPILATION_CONDITIONS = DEBUG;
				SWIFT_OPTIMIZATION_LEVEL = "-Onone";
			};
			name = Debug;
		};
		16ABF92F22FE6F0B0036F215 /* Release */ = {
			isa = XCBuildConfiguration;
			buildSettings = {
				ALWAYS_SEARCH_USER_PATHS = NO;
				CLANG_ANALYZER_NONNULL = YES;
				CLANG_ANALYZER_NUMBER_OBJECT_CONVERSION = YES_AGGRESSIVE;
				CLANG_CXX_LANGUAGE_STANDARD = "gnu++14";
				CLANG_CXX_LIBRARY = "libc++";
				CLANG_ENABLE_MODULES = YES;
				CLANG_ENABLE_OBJC_ARC = YES;
				CLANG_ENABLE_OBJC_WEAK = YES;
				CLANG_WARN_BLOCK_CAPTURE_AUTORELEASING = YES;
				CLANG_WARN_BOOL_CONVERSION = YES;
				CLANG_WARN_COMMA = YES;
				CLANG_WARN_CONSTANT_CONVERSION = YES;
				CLANG_WARN_DEPRECATED_OBJC_IMPLEMENTATIONS = YES;
				CLANG_WARN_DIRECT_OBJC_ISA_USAGE = YES_ERROR;
				CLANG_WARN_DOCUMENTATION_COMMENTS = YES;
				CLANG_WARN_EMPTY_BODY = YES;
				CLANG_WARN_ENUM_CONVERSION = YES;
				CLANG_WARN_INFINITE_RECURSION = YES;
				CLANG_WARN_INT_CONVERSION = YES;
				CLANG_WARN_NON_LITERAL_NULL_CONVERSION = YES;
				CLANG_WARN_OBJC_IMPLICIT_RETAIN_SELF = YES;
				CLANG_WARN_OBJC_LITERAL_CONVERSION = YES;
				CLANG_WARN_OBJC_ROOT_CLASS = YES_ERROR;
				CLANG_WARN_RANGE_LOOP_ANALYSIS = YES;
				CLANG_WARN_STRICT_PROTOTYPES = YES;
				CLANG_WARN_SUSPICIOUS_MOVE = YES;
				CLANG_WARN_UNGUARDED_AVAILABILITY = YES_AGGRESSIVE;
				CLANG_WARN_UNREACHABLE_CODE = YES;
				CLANG_WARN__DUPLICATE_METHOD_MATCH = YES;
				CODE_SIGN_IDENTITY = "iPhone Developer";
				COPY_PHASE_STRIP = NO;
				DEBUG_INFORMATION_FORMAT = "dwarf-with-dsym";
				ENABLE_NS_ASSERTIONS = NO;
				ENABLE_STRICT_OBJC_MSGSEND = YES;
				GCC_C_LANGUAGE_STANDARD = gnu11;
				GCC_NO_COMMON_BLOCKS = YES;
				GCC_WARN_64_TO_32_BIT_CONVERSION = YES;
				GCC_WARN_ABOUT_RETURN_TYPE = YES_ERROR;
				GCC_WARN_UNDECLARED_SELECTOR = YES;
				GCC_WARN_UNINITIALIZED_AUTOS = YES_AGGRESSIVE;
				GCC_WARN_UNUSED_FUNCTION = YES;
				GCC_WARN_UNUSED_VARIABLE = YES;
				IPHONEOS_DEPLOYMENT_TARGET = 12.1;
				MTL_ENABLE_DEBUG_INFO = NO;
				MTL_FAST_MATH = YES;
				SDKROOT = iphoneos;
				SWIFT_COMPILATION_MODE = wholemodule;
				SWIFT_OPTIMIZATION_LEVEL = "-O";
				VALIDATE_PRODUCT = YES;
			};
			name = Release;
		};
		16ABF93122FE6F0B0036F215 /* Debug */ = {
			isa = XCBuildConfiguration;
			baseConfigurationReference = BF3974DB623B8DD7BC9E8176 /* Pods-cheer_ios.debug.xcconfig */;
			buildSettings = {
				ASSETCATALOG_COMPILER_APPICON_NAME = AppIcon;
				CODE_SIGN_STYLE = Automatic;
				DEVELOPMENT_TEAM = 5YB8977AM6;
				INFOPLIST_FILE = cheer_ios/Info.plist;
				LD_RUNPATH_SEARCH_PATHS = (
					"$(inherited)",
					"@executable_path/Frameworks",
				);
				PRODUCT_BUNDLE_IDENTIFIER = "com.daishin.cheer-ios";
				PRODUCT_NAME = "$(TARGET_NAME)";
				SWIFT_VERSION = 4.2;
				TARGETED_DEVICE_FAMILY = "1,2";
			};
			name = Debug;
		};
		16ABF93222FE6F0B0036F215 /* Release */ = {
			isa = XCBuildConfiguration;
			baseConfigurationReference = C1FD545A61168B79D95D2E28 /* Pods-cheer_ios.release.xcconfig */;
			buildSettings = {
				ASSETCATALOG_COMPILER_APPICON_NAME = AppIcon;
				CODE_SIGN_STYLE = Automatic;
				DEVELOPMENT_TEAM = 5YB8977AM6;
				INFOPLIST_FILE = cheer_ios/Info.plist;
				LD_RUNPATH_SEARCH_PATHS = (
					"$(inherited)",
					"@executable_path/Frameworks",
				);
				PRODUCT_BUNDLE_IDENTIFIER = "com.daishin.cheer-ios";
				PRODUCT_NAME = "$(TARGET_NAME)";
				SWIFT_VERSION = 4.2;
				TARGETED_DEVICE_FAMILY = "1,2";
			};
			name = Release;
		};
		16ABF93422FE6F0B0036F215 /* Debug */ = {
			isa = XCBuildConfiguration;
			baseConfigurationReference = CA03747586C93195A807C30F /* Pods-cheer_iosTests.debug.xcconfig */;
			buildSettings = {
				ALWAYS_EMBED_SWIFT_STANDARD_LIBRARIES = YES;
				BUNDLE_LOADER = "$(TEST_HOST)";
				CODE_SIGN_STYLE = Automatic;
				INFOPLIST_FILE = cheer_iosTests/Info.plist;
				LD_RUNPATH_SEARCH_PATHS = (
					"$(inherited)",
					"@executable_path/Frameworks",
					"@loader_path/Frameworks",
				);
				PRODUCT_BUNDLE_IDENTIFIER = "com.daishin.cheer-iosTests";
				PRODUCT_NAME = "$(TARGET_NAME)";
				SWIFT_VERSION = 4.2;
				TARGETED_DEVICE_FAMILY = "1,2";
				TEST_HOST = "$(BUILT_PRODUCTS_DIR)/cheer_ios.app/cheer_ios";
			};
			name = Debug;
		};
		16ABF93522FE6F0B0036F215 /* Release */ = {
			isa = XCBuildConfiguration;
			baseConfigurationReference = 4FC789B048C6A352764D17D2 /* Pods-cheer_iosTests.release.xcconfig */;
			buildSettings = {
				ALWAYS_EMBED_SWIFT_STANDARD_LIBRARIES = YES;
				BUNDLE_LOADER = "$(TEST_HOST)";
				CODE_SIGN_STYLE = Automatic;
				INFOPLIST_FILE = cheer_iosTests/Info.plist;
				LD_RUNPATH_SEARCH_PATHS = (
					"$(inherited)",
					"@executable_path/Frameworks",
					"@loader_path/Frameworks",
				);
				PRODUCT_BUNDLE_IDENTIFIER = "com.daishin.cheer-iosTests";
				PRODUCT_NAME = "$(TARGET_NAME)";
				SWIFT_VERSION = 4.2;
				TARGETED_DEVICE_FAMILY = "1,2";
				TEST_HOST = "$(BUILT_PRODUCTS_DIR)/cheer_ios.app/cheer_ios";
			};
			name = Release;
		};
		16ABF93722FE6F0B0036F215 /* Debug */ = {
			isa = XCBuildConfiguration;
			baseConfigurationReference = 2B37DF93731B56F05E50C407 /* Pods-cheer_iosUITests.debug.xcconfig */;
			buildSettings = {
				ALWAYS_EMBED_SWIFT_STANDARD_LIBRARIES = YES;
				CODE_SIGN_STYLE = Automatic;
				INFOPLIST_FILE = cheer_iosUITests/Info.plist;
				LD_RUNPATH_SEARCH_PATHS = (
					"$(inherited)",
					"@executable_path/Frameworks",
					"@loader_path/Frameworks",
				);
				PRODUCT_BUNDLE_IDENTIFIER = "com.daishin.cheer-iosUITests";
				PRODUCT_NAME = "$(TARGET_NAME)";
				SWIFT_VERSION = 4.2;
				TARGETED_DEVICE_FAMILY = "1,2";
				TEST_TARGET_NAME = cheer_ios;
			};
			name = Debug;
		};
		16ABF93822FE6F0B0036F215 /* Release */ = {
			isa = XCBuildConfiguration;
			baseConfigurationReference = 808DA4EDE7D3F32EFB301D97 /* Pods-cheer_iosUITests.release.xcconfig */;
			buildSettings = {
				ALWAYS_EMBED_SWIFT_STANDARD_LIBRARIES = YES;
				CODE_SIGN_STYLE = Automatic;
				INFOPLIST_FILE = cheer_iosUITests/Info.plist;
				LD_RUNPATH_SEARCH_PATHS = (
					"$(inherited)",
					"@executable_path/Frameworks",
					"@loader_path/Frameworks",
				);
				PRODUCT_BUNDLE_IDENTIFIER = "com.daishin.cheer-iosUITests";
				PRODUCT_NAME = "$(TARGET_NAME)";
				SWIFT_VERSION = 4.2;
				TARGETED_DEVICE_FAMILY = "1,2";
				TEST_TARGET_NAME = cheer_ios;
			};
			name = Release;
		};
/* End XCBuildConfiguration section */

/* Begin XCConfigurationList section */
		16ABF90322FE6F090036F215 /* Build configuration list for PBXProject "cheer_ios" */ = {
			isa = XCConfigurationList;
			buildConfigurations = (
				16ABF92E22FE6F0B0036F215 /* Debug */,
				16ABF92F22FE6F0B0036F215 /* Release */,
			);
			defaultConfigurationIsVisible = 0;
			defaultConfigurationName = Release;
		};
		16ABF93022FE6F0B0036F215 /* Build configuration list for PBXNativeTarget "cheer_ios" */ = {
			isa = XCConfigurationList;
			buildConfigurations = (
				16ABF93122FE6F0B0036F215 /* Debug */,
				16ABF93222FE6F0B0036F215 /* Release */,
			);
			defaultConfigurationIsVisible = 0;
			defaultConfigurationName = Release;
		};
		16ABF93322FE6F0B0036F215 /* Build configuration list for PBXNativeTarget "cheer_iosTests" */ = {
			isa = XCConfigurationList;
			buildConfigurations = (
				16ABF93422FE6F0B0036F215 /* Debug */,
				16ABF93522FE6F0B0036F215 /* Release */,
			);
			defaultConfigurationIsVisible = 0;
			defaultConfigurationName = Release;
		};
		16ABF93622FE6F0B0036F215 /* Build configuration list for PBXNativeTarget "cheer_iosUITests" */ = {
			isa = XCConfigurationList;
			buildConfigurations = (
				16ABF93722FE6F0B0036F215 /* Debug */,
				16ABF93822FE6F0B0036F215 /* Release */,
			);
			defaultConfigurationIsVisible = 0;
			defaultConfigurationName = Release;
		};
/* End XCConfigurationList section */
	};
	rootObject = 16ABF90022FE6F090036F215 /* Project object */;
}
